
Microsoft Visual Studio Solution File, Format Version 12.00
# Visual Studio 2013
VisualStudioVersion = 12.0.0.0
MinimumVisualStudioVersion = 10.0.0.1
Project("{FAE04EC0-301F-11D3-BF4B-00C04F79EFBC}") = "Factory", "Factory.csproj", "{83F93931-6F02-49D8-AF7E-3E4AF7323CA5}"
EndProject
Global
	GlobalSection(SolutionConfigurationPlatforms) = preSolution
		Debug|Any CPU = Debug|Any CPU
		Release|Any CPU = Release|Any CPU
	EndGlobalSection
	GlobalSection(ProjectConfigurationPlatforms) = postSolution
		{83F93931-6F02-49D8-AF7E-3E4AF7323CA5}.Debug|Any CPU.ActiveCfg = Debug|Any CPU
		{83F93931-6F02-49D8-AF7E-3E4AF7323CA5}.Debug|Any CPU.Build.0 = Debug|Any CPU
		{83F93931-6F02-49D8-AF7E-3E4AF7323CA5}.Release|Any CPU.ActiveCfg = Release|Any CPU
		{83F93931-6F02-49D8-AF7E-3E4AF7323CA5}.Release|Any CPU.Build.0 = Release|Any CPU
	EndGlobalSection
	GlobalSection(SolutionProperties) = preSolution
		HideSolutionNode = FALSE
	EndGlobalSection
EndGlobal
